uuid: f12ce6ea-97d7-47be-92b6-b593d733553c
langcode: en
status: true
dependencies:
  module:
    - posse_dc
    - system
  theme:
    - posse_theme
id: servicesblock
theme: posse_theme
region: content
weight: -4
provider: null
plugin: services_block
settings:
  id: services_block
  label: Services
  provider: posse_dc
  label_display: visible
visibility:
  request_path:
    id: request_path
    pages: '<front>'
    negate: false
    context_mapping: {  }
